
Microsoft Visual Studio Solution File, Format Version 12.00
# Visual Studio Version 16
VisualStudioVersion = 16.0.29215.179
MinimumVisualStudioVersion = 10.0.40219.1
Project("{9A19103F-16F7-4668-BE54-9A1E7A4F7556}") = "ApiGalileo", "ApiGalileo\ApiGalileo.csproj", "{EA151672-9CD0-43AF-9FF2-40924489A0BB}"
EndProject
Project("{9A19103F-16F7-4668-BE54-9A1E7A4F7556}") = "Domain", "Domain\Domain.csproj", "{2CE504E4-3C08-4153-B851-7B0F893AA2B4}"
EndProject
Project("{9A19103F-16F7-4668-BE54-9A1E7A4F7556}") = "Repository", "Repository\Repository.csproj", "{58348F7B-6C99-46E1-890A-A15917AB82D5}"
EndProject
Project("{FAE04EC0-301F-11D3-BF4B-00C04F79EFBC}") = "Business", "Business\Business.csproj", "{9E93A81F-F60C-430E-ADBF-27C64BAB9453}"
EndProject
Global
	GlobalSection(SolutionConfigurationPlatforms) = preSolution
		Debug|Any CPU = Debug|Any CPU
		Release|Any CPU = Release|Any CPU
	EndGlobalSection
	GlobalSection(ProjectConfigurationPlatforms) = postSolution
		{EA151672-9CD0-43AF-9FF2-40924489A0BB}.Debug|Any CPU.ActiveCfg = Debug|Any CPU
		{EA151672-9CD0-43AF-9FF2-40924489A0BB}.Debug|Any CPU.Build.0 = Debug|Any CPU
		{EA151672-9CD0-43AF-9FF2-40924489A0BB}.Release|Any CPU.ActiveCfg = Release|Any CPU
		{EA151672-9CD0-43AF-9FF2-40924489A0BB}.Release|Any CPU.Build.0 = Release|Any CPU
		{2CE504E4-3C08-4153-B851-7B0F893AA2B4}.Debug|Any CPU.ActiveCfg = Debug|Any CPU
		{2CE504E4-3C08-4153-B851-7B0F893AA2B4}.Debug|Any CPU.Build.0 = Debug|Any CPU
		{2CE504E4-3C08-4153-B851-7B0F893AA2B4}.Release|Any CPU.ActiveCfg = Release|Any CPU
		{2CE504E4-3C08-4153-B851-7B0F893AA2B4}.Release|Any CPU.Build.0 = Release|Any CPU
		{58348F7B-6C99-46E1-890A-A15917AB82D5}.Debug|Any CPU.ActiveCfg = Debug|Any CPU
		{58348F7B-6C99-46E1-890A-A15917AB82D5}.Debug|Any CPU.Build.0 = Debug|Any CPU
		{58348F7B-6C99-46E1-890A-A15917AB82D5}.Release|Any CPU.ActiveCfg = Release|Any CPU
		{58348F7B-6C99-46E1-890A-A15917AB82D5}.Release|Any CPU.Build.0 = Release|Any CPU
		{9E93A81F-F60C-430E-ADBF-27C64BAB9453}.Debug|Any CPU.ActiveCfg = Debug|Any CPU
		{9E93A81F-F60C-430E-ADBF-27C64BAB9453}.Debug|Any CPU.Build.0 = Debug|Any CPU
		{9E93A81F-F60C-430E-ADBF-27C64BAB9453}.Release|Any CPU.ActiveCfg = Release|Any CPU
		{9E93A81F-F60C-430E-ADBF-27C64BAB9453}.Release|Any CPU.Build.0 = Release|Any CPU
	EndGlobalSection
	GlobalSection(SolutionProperties) = preSolution
		HideSolutionNode = FALSE
	EndGlobalSection
	GlobalSection(ExtensibilityGlobals) = postSolution
		SolutionGuid = {F11B9DF1-1243-41D3-BDA9-6BCBD24019CF}
	EndGlobalSection
	GlobalSection(TeamFoundationVersionControl) = preSolution
		SccNumberOfProjects = 5
		SccEnterpriseProvider = {4CA58AB2-18FA-4F8D-95D4-32DDF27D184C}
		SccTeamFoundationServer = https://dev.azure.com/smilycode
		SccLocalPath0 = .
		SccProjectUniqueName1 = ApiGalileo\\ApiGalileo.csproj
		SccProjectName1 = ApiGalileo
		SccLocalPath1 = ApiGalileo
		SccProjectUniqueName2 = Domain\\Domain.csproj
		SccProjectName2 = Domain
		SccLocalPath2 = Domain
		SccProjectUniqueName3 = Repository\\Repository.csproj
		SccProjectName3 = Repository
		SccLocalPath3 = Repository
		SccProjectUniqueName4 = Business\\Business.csproj
		SccProjectName4 = Business
		SccLocalPath4 = Business
	EndGlobalSection
EndGlobal
